
Microsoft Visual Studio Solution File, Format Version 12.00
Project("{FAE04EC0-301F-11D3-BF4B-00C04F79EFBC}") = "RearrangeArrayElementsBySign", "RearrangeArrayElementsBySign\RearrangeArrayElementsBySign.csproj", "{57A0C158-3CA8-4936-9F94-A3AFB0A35736}"
EndProject
Global
	GlobalSection(SolutionConfigurationPlatforms) = preSolution
		Debug|Any CPU = Debug|Any CPU
		Release|Any CPU = Release|Any CPU
	EndGlobalSection
	GlobalSection(ProjectConfigurationPlatforms) = postSolution
		{57A0C158-3CA8-4936-9F94-A3AFB0A35736}.Debug|Any CPU.ActiveCfg = Debug|Any CPU
		{57A0C158-3CA8-4936-9F94-A3AFB0A35736}.Debug|Any CPU.Build.0 = Debug|Any CPU
		{57A0C158-3CA8-4936-9F94-A3AFB0A35736}.Release|Any CPU.ActiveCfg = Release|Any CPU
		{57A0C158-3CA8-4936-9F94-A3AFB0A35736}.Release|Any CPU.Build.0 = Release|Any CPU
	EndGlobalSection
EndGlobal
