
Microsoft Visual Studio Solution File, Format Version 12.00
Project("{FAE04EC0-301F-11D3-BF4B-00C04F79EFBC}") = "CountNodesEqualToSumOfDescendants", "CountNodesEqualToSumOfDescendants.csproj", "{99460C9E-392A-4D60-8BC4-B1D3A01949CF}"
EndProject
Global
	GlobalSection(SolutionConfigurationPlatforms) = preSolution
		Debug|Any CPU = Debug|Any CPU
		Release|Any CPU = Release|Any CPU
	EndGlobalSection
	GlobalSection(ProjectConfigurationPlatforms) = postSolution
		{99460C9E-392A-4D60-8BC4-B1D3A01949CF}.Debug|Any CPU.ActiveCfg = Debug|Any CPU
		{99460C9E-392A-4D60-8BC4-B1D3A01949CF}.Debug|Any CPU.Build.0 = Debug|Any CPU
		{99460C9E-392A-4D60-8BC4-B1D3A01949CF}.Release|Any CPU.ActiveCfg = Release|Any CPU
		{99460C9E-392A-4D60-8BC4-B1D3A01949CF}.Release|Any CPU.Build.0 = Release|Any CPU
	EndGlobalSection
EndGlobal
