
Microsoft Visual Studio Solution File, Format Version 12.00
Project("{FAE04EC0-301F-11D3-BF4B-00C04F79EFBC}") = "UnivaluedBinaryTree", "UnivaluedBinaryTree\UnivaluedBinaryTree.csproj", "{2D1D10E3-4A05-4ECF-9F0A-53C704102578}"
EndProject
Global
	GlobalSection(SolutionConfigurationPlatforms) = preSolution
		Debug|Any CPU = Debug|Any CPU
		Release|Any CPU = Release|Any CPU
	EndGlobalSection
	GlobalSection(ProjectConfigurationPlatforms) = postSolution
		{2D1D10E3-4A05-4ECF-9F0A-53C704102578}.Debug|Any CPU.ActiveCfg = Debug|Any CPU
		{2D1D10E3-4A05-4ECF-9F0A-53C704102578}.Debug|Any CPU.Build.0 = Debug|Any CPU
		{2D1D10E3-4A05-4ECF-9F0A-53C704102578}.Release|Any CPU.ActiveCfg = Release|Any CPU
		{2D1D10E3-4A05-4ECF-9F0A-53C704102578}.Release|Any CPU.Build.0 = Release|Any CPU
	EndGlobalSection
EndGlobal
