
Microsoft Visual Studio Solution File, Format Version 12.00
Project("{FAE04EC0-301F-11D3-BF4B-00C04F79EFBC}") = "DeleteCharactersToMakeFancyString", "DeleteCharactersToMakeFancyString.csproj", "{2C347CC9-7201-4EFC-8E2D-B36CCA4F94BF}"
EndProject
Global
	GlobalSection(SolutionConfigurationPlatforms) = preSolution
		Debug|Any CPU = Debug|Any CPU
		Release|Any CPU = Release|Any CPU
	EndGlobalSection
	GlobalSection(ProjectConfigurationPlatforms) = postSolution
		{2C347CC9-7201-4EFC-8E2D-B36CCA4F94BF}.Debug|Any CPU.ActiveCfg = Debug|Any CPU
		{2C347CC9-7201-4EFC-8E2D-B36CCA4F94BF}.Debug|Any CPU.Build.0 = Debug|Any CPU
		{2C347CC9-7201-4EFC-8E2D-B36CCA4F94BF}.Release|Any CPU.ActiveCfg = Release|Any CPU
		{2C347CC9-7201-4EFC-8E2D-B36CCA4F94BF}.Release|Any CPU.Build.0 = Release|Any CPU
	EndGlobalSection
EndGlobal
