
Microsoft Visual Studio Solution File, Format Version 12.00
Project("{FAE04EC0-301F-11D3-BF4B-00C04F79EFBC}") = "SingleRowKeyboard", "SingleRowKeyboard\SingleRowKeyboard.csproj", "{750BE9FB-C07D-434C-8235-3BA483CEC295}"
EndProject
Global
	GlobalSection(SolutionConfigurationPlatforms) = preSolution
		Debug|Any CPU = Debug|Any CPU
		Release|Any CPU = Release|Any CPU
	EndGlobalSection
	GlobalSection(ProjectConfigurationPlatforms) = postSolution
		{750BE9FB-C07D-434C-8235-3BA483CEC295}.Debug|Any CPU.ActiveCfg = Debug|Any CPU
		{750BE9FB-C07D-434C-8235-3BA483CEC295}.Debug|Any CPU.Build.0 = Debug|Any CPU
		{750BE9FB-C07D-434C-8235-3BA483CEC295}.Release|Any CPU.ActiveCfg = Release|Any CPU
		{750BE9FB-C07D-434C-8235-3BA483CEC295}.Release|Any CPU.Build.0 = Release|Any CPU
	EndGlobalSection
EndGlobal
