
Microsoft Visual Studio Solution File, Format Version 12.00
Project("{FAE04EC0-301F-11D3-BF4B-00C04F79EFBC}") = "FindPivotInteger", "FindPivotInteger\FindPivotInteger.csproj", "{2DF04195-3B17-4143-866F-D04E0716C7E4}"
EndProject
Global
	GlobalSection(SolutionConfigurationPlatforms) = preSolution
		Debug|Any CPU = Debug|Any CPU
		Release|Any CPU = Release|Any CPU
	EndGlobalSection
	GlobalSection(ProjectConfigurationPlatforms) = postSolution
		{2DF04195-3B17-4143-866F-D04E0716C7E4}.Debug|Any CPU.ActiveCfg = Debug|Any CPU
		{2DF04195-3B17-4143-866F-D04E0716C7E4}.Debug|Any CPU.Build.0 = Debug|Any CPU
		{2DF04195-3B17-4143-866F-D04E0716C7E4}.Release|Any CPU.ActiveCfg = Release|Any CPU
		{2DF04195-3B17-4143-866F-D04E0716C7E4}.Release|Any CPU.Build.0 = Release|Any CPU
	EndGlobalSection
EndGlobal
