
Microsoft Visual Studio Solution File, Format Version 12.00
Project("{FAE04EC0-301F-11D3-BF4B-00C04F79EFBC}") = "RotateList", "RotateList\RotateList.csproj", "{A22FC1D6-CD4C-4400-BB6D-EDCB99909E6F}"
EndProject
Global
	GlobalSection(SolutionConfigurationPlatforms) = preSolution
		Debug|Any CPU = Debug|Any CPU
		Release|Any CPU = Release|Any CPU
	EndGlobalSection
	GlobalSection(ProjectConfigurationPlatforms) = postSolution
		{A22FC1D6-CD4C-4400-BB6D-EDCB99909E6F}.Debug|Any CPU.ActiveCfg = Debug|Any CPU
		{A22FC1D6-CD4C-4400-BB6D-EDCB99909E6F}.Debug|Any CPU.Build.0 = Debug|Any CPU
		{A22FC1D6-CD4C-4400-BB6D-EDCB99909E6F}.Release|Any CPU.ActiveCfg = Release|Any CPU
		{A22FC1D6-CD4C-4400-BB6D-EDCB99909E6F}.Release|Any CPU.Build.0 = Release|Any CPU
	EndGlobalSection
EndGlobal
