
Microsoft Visual Studio Solution File, Format Version 12.00
Project("{FAE04EC0-301F-11D3-BF4B-00C04F79EFBC}") = "FindTheDistinctDifferenceArray", "FindTheDistinctDifferenceArray\FindTheDistinctDifferenceArray.csproj", "{CC55E559-5633-4DA9-8B53-43762824D84E}"
EndProject
Global
	GlobalSection(SolutionConfigurationPlatforms) = preSolution
		Debug|Any CPU = Debug|Any CPU
		Release|Any CPU = Release|Any CPU
	EndGlobalSection
	GlobalSection(ProjectConfigurationPlatforms) = postSolution
		{CC55E559-5633-4DA9-8B53-43762824D84E}.Debug|Any CPU.ActiveCfg = Debug|Any CPU
		{CC55E559-5633-4DA9-8B53-43762824D84E}.Debug|Any CPU.Build.0 = Debug|Any CPU
		{CC55E559-5633-4DA9-8B53-43762824D84E}.Release|Any CPU.ActiveCfg = Release|Any CPU
		{CC55E559-5633-4DA9-8B53-43762824D84E}.Release|Any CPU.Build.0 = Release|Any CPU
	EndGlobalSection
EndGlobal
