
Microsoft Visual Studio Solution File, Format Version 12.00
Project("{FAE04EC0-301F-11D3-BF4B-00C04F79EFBC}") = "MakeTheStringGreat", "MakeTheStringGreat\MakeTheStringGreat.csproj", "{B3DCB31F-5911-4211-8B1A-380FFB307C86}"
EndProject
Global
	GlobalSection(SolutionConfigurationPlatforms) = preSolution
		Debug|Any CPU = Debug|Any CPU
		Release|Any CPU = Release|Any CPU
	EndGlobalSection
	GlobalSection(ProjectConfigurationPlatforms) = postSolution
		{B3DCB31F-5911-4211-8B1A-380FFB307C86}.Debug|Any CPU.ActiveCfg = Debug|Any CPU
		{B3DCB31F-5911-4211-8B1A-380FFB307C86}.Debug|Any CPU.Build.0 = Debug|Any CPU
		{B3DCB31F-5911-4211-8B1A-380FFB307C86}.Release|Any CPU.ActiveCfg = Release|Any CPU
		{B3DCB31F-5911-4211-8B1A-380FFB307C86}.Release|Any CPU.Build.0 = Release|Any CPU
	EndGlobalSection
EndGlobal
