
Microsoft Visual Studio Solution File, Format Version 12.00
Project("{FAE04EC0-301F-11D3-BF4B-00C04F79EFBC}") = "OccurrencesAfterBigram", "OccurrencesAfterBigram\OccurrencesAfterBigram.csproj", "{A8C1D4D1-5499-450B-8816-372B29C8D271}"
EndProject
Global
	GlobalSection(SolutionConfigurationPlatforms) = preSolution
		Debug|Any CPU = Debug|Any CPU
		Release|Any CPU = Release|Any CPU
	EndGlobalSection
	GlobalSection(ProjectConfigurationPlatforms) = postSolution
		{A8C1D4D1-5499-450B-8816-372B29C8D271}.Debug|Any CPU.ActiveCfg = Debug|Any CPU
		{A8C1D4D1-5499-450B-8816-372B29C8D271}.Debug|Any CPU.Build.0 = Debug|Any CPU
		{A8C1D4D1-5499-450B-8816-372B29C8D271}.Release|Any CPU.ActiveCfg = Release|Any CPU
		{A8C1D4D1-5499-450B-8816-372B29C8D271}.Release|Any CPU.Build.0 = Release|Any CPU
	EndGlobalSection
EndGlobal
