
Microsoft Visual Studio Solution File, Format Version 12.00
Project("{FAE04EC0-301F-11D3-BF4B-00C04F79EFBC}") = "BinarySearchTreeToGreaterSumTree", "BinarySearchTreeToGreaterSumTree\BinarySearchTreeToGreaterSumTree.csproj", "{804E3103-67B3-4607-A7A3-E4CCF0733C19}"
EndProject
Global
	GlobalSection(SolutionConfigurationPlatforms) = preSolution
		Debug|Any CPU = Debug|Any CPU
		Release|Any CPU = Release|Any CPU
	EndGlobalSection
	GlobalSection(ProjectConfigurationPlatforms) = postSolution
		{804E3103-67B3-4607-A7A3-E4CCF0733C19}.Debug|Any CPU.ActiveCfg = Debug|Any CPU
		{804E3103-67B3-4607-A7A3-E4CCF0733C19}.Debug|Any CPU.Build.0 = Debug|Any CPU
		{804E3103-67B3-4607-A7A3-E4CCF0733C19}.Release|Any CPU.ActiveCfg = Release|Any CPU
		{804E3103-67B3-4607-A7A3-E4CCF0733C19}.Release|Any CPU.Build.0 = Release|Any CPU
	EndGlobalSection
EndGlobal
