
Microsoft Visual Studio Solution File, Format Version 12.00
Project("{FAE04EC0-301F-11D3-BF4B-00C04F79EFBC}") = "HouseRobberII", "HouseRobberII.csproj", "{915030DD-59A5-404D-AC20-291C88F4FC1D}"
EndProject
Global
	GlobalSection(SolutionConfigurationPlatforms) = preSolution
		Debug|Any CPU = Debug|Any CPU
		Release|Any CPU = Release|Any CPU
	EndGlobalSection
	GlobalSection(ProjectConfigurationPlatforms) = postSolution
		{915030DD-59A5-404D-AC20-291C88F4FC1D}.Debug|Any CPU.ActiveCfg = Debug|Any CPU
		{915030DD-59A5-404D-AC20-291C88F4FC1D}.Debug|Any CPU.Build.0 = Debug|Any CPU
		{915030DD-59A5-404D-AC20-291C88F4FC1D}.Release|Any CPU.ActiveCfg = Release|Any CPU
		{915030DD-59A5-404D-AC20-291C88F4FC1D}.Release|Any CPU.Build.0 = Release|Any CPU
	EndGlobalSection
EndGlobal
