
Microsoft Visual Studio Solution File, Format Version 12.00
Project("{FAE04EC0-301F-11D3-BF4B-00C04F79EFBC}") = "GroupAnagrams", "GroupAnagrams\GroupAnagrams.csproj", "{EA928EBC-7706-4641-B4F7-8E514380BCBB}"
EndProject
Global
	GlobalSection(SolutionConfigurationPlatforms) = preSolution
		Debug|Any CPU = Debug|Any CPU
		Release|Any CPU = Release|Any CPU
	EndGlobalSection
	GlobalSection(ProjectConfigurationPlatforms) = postSolution
		{EA928EBC-7706-4641-B4F7-8E514380BCBB}.Debug|Any CPU.ActiveCfg = Debug|Any CPU
		{EA928EBC-7706-4641-B4F7-8E514380BCBB}.Debug|Any CPU.Build.0 = Debug|Any CPU
		{EA928EBC-7706-4641-B4F7-8E514380BCBB}.Release|Any CPU.ActiveCfg = Release|Any CPU
		{EA928EBC-7706-4641-B4F7-8E514380BCBB}.Release|Any CPU.Build.0 = Release|Any CPU
	EndGlobalSection
EndGlobal
