
Microsoft Visual Studio Solution File, Format Version 12.00
Project("{FAE04EC0-301F-11D3-BF4B-00C04F79EFBC}") = "TakeGiftsFromTheRichestPile", "TakeGiftsFromTheRichestPile\TakeGiftsFromTheRichestPile.csproj", "{D312CCB9-7922-465F-9A87-6D2F480983FE}"
EndProject
Global
	GlobalSection(SolutionConfigurationPlatforms) = preSolution
		Debug|Any CPU = Debug|Any CPU
		Release|Any CPU = Release|Any CPU
	EndGlobalSection
	GlobalSection(ProjectConfigurationPlatforms) = postSolution
		{D312CCB9-7922-465F-9A87-6D2F480983FE}.Debug|Any CPU.ActiveCfg = Debug|Any CPU
		{D312CCB9-7922-465F-9A87-6D2F480983FE}.Debug|Any CPU.Build.0 = Debug|Any CPU
		{D312CCB9-7922-465F-9A87-6D2F480983FE}.Release|Any CPU.ActiveCfg = Release|Any CPU
		{D312CCB9-7922-465F-9A87-6D2F480983FE}.Release|Any CPU.Build.0 = Release|Any CPU
	EndGlobalSection
EndGlobal
