
Microsoft Visual Studio Solution File, Format Version 12.00
Project("{FAE04EC0-301F-11D3-BF4B-00C04F79EFBC}") = "NonDecreasingSubsequences", "NonDecreasingSubsequences.csproj", "{6CF1804F-3166-4A9A-B15F-45D8DA834E33}"
EndProject
Global
	GlobalSection(SolutionConfigurationPlatforms) = preSolution
		Debug|Any CPU = Debug|Any CPU
		Release|Any CPU = Release|Any CPU
	EndGlobalSection
	GlobalSection(ProjectConfigurationPlatforms) = postSolution
		{6CF1804F-3166-4A9A-B15F-45D8DA834E33}.Debug|Any CPU.ActiveCfg = Debug|Any CPU
		{6CF1804F-3166-4A9A-B15F-45D8DA834E33}.Debug|Any CPU.Build.0 = Debug|Any CPU
		{6CF1804F-3166-4A9A-B15F-45D8DA834E33}.Release|Any CPU.ActiveCfg = Release|Any CPU
		{6CF1804F-3166-4A9A-B15F-45D8DA834E33}.Release|Any CPU.Build.0 = Release|Any CPU
	EndGlobalSection
EndGlobal
