
Microsoft Visual Studio Solution File, Format Version 12.00
Project("{FAE04EC0-301F-11D3-BF4B-00C04F79EFBC}") = "TwoFurthestHousesWithDifferentColors", "TwoFurthestHousesWithDifferentColors\TwoFurthestHousesWithDifferentColors.csproj", "{0C8ED868-C6FB-4ABE-9A47-9B6DFC34A230}"
EndProject
Global
	GlobalSection(SolutionConfigurationPlatforms) = preSolution
		Debug|Any CPU = Debug|Any CPU
		Release|Any CPU = Release|Any CPU
	EndGlobalSection
	GlobalSection(ProjectConfigurationPlatforms) = postSolution
		{0C8ED868-C6FB-4ABE-9A47-9B6DFC34A230}.Debug|Any CPU.ActiveCfg = Debug|Any CPU
		{0C8ED868-C6FB-4ABE-9A47-9B6DFC34A230}.Debug|Any CPU.Build.0 = Debug|Any CPU
		{0C8ED868-C6FB-4ABE-9A47-9B6DFC34A230}.Release|Any CPU.ActiveCfg = Release|Any CPU
		{0C8ED868-C6FB-4ABE-9A47-9B6DFC34A230}.Release|Any CPU.Build.0 = Release|Any CPU
	EndGlobalSection
EndGlobal
