
Microsoft Visual Studio Solution File, Format Version 12.00
Project("{FAE04EC0-301F-11D3-BF4B-00C04F79EFBC}") = "CourseScheduleII", "CourseScheduleII.csproj", "{A307F6CF-CD32-4A28-8645-36D62E0FC700}"
EndProject
Global
	GlobalSection(SolutionConfigurationPlatforms) = preSolution
		Debug|Any CPU = Debug|Any CPU
		Release|Any CPU = Release|Any CPU
	EndGlobalSection
	GlobalSection(ProjectConfigurationPlatforms) = postSolution
		{A307F6CF-CD32-4A28-8645-36D62E0FC700}.Debug|Any CPU.ActiveCfg = Debug|Any CPU
		{A307F6CF-CD32-4A28-8645-36D62E0FC700}.Debug|Any CPU.Build.0 = Debug|Any CPU
		{A307F6CF-CD32-4A28-8645-36D62E0FC700}.Release|Any CPU.ActiveCfg = Release|Any CPU
		{A307F6CF-CD32-4A28-8645-36D62E0FC700}.Release|Any CPU.Build.0 = Release|Any CPU
	EndGlobalSection
EndGlobal
