
Microsoft Visual Studio Solution File, Format Version 12.00
Project("{FAE04EC0-301F-11D3-BF4B-00C04F79EFBC}") = "MaximumLengthOfConcatenatedStringWithUniqueCharacters", "MaximumLengthOfConcatenatedStringWithUniqueCharacters.csproj", "{899683F3-9510-4E6C-B690-F2662B804FBF}"
EndProject
Global
	GlobalSection(SolutionConfigurationPlatforms) = preSolution
		Debug|Any CPU = Debug|Any CPU
		Release|Any CPU = Release|Any CPU
	EndGlobalSection
	GlobalSection(ProjectConfigurationPlatforms) = postSolution
		{899683F3-9510-4E6C-B690-F2662B804FBF}.Debug|Any CPU.ActiveCfg = Debug|Any CPU
		{899683F3-9510-4E6C-B690-F2662B804FBF}.Debug|Any CPU.Build.0 = Debug|Any CPU
		{899683F3-9510-4E6C-B690-F2662B804FBF}.Release|Any CPU.ActiveCfg = Release|Any CPU
		{899683F3-9510-4E6C-B690-F2662B804FBF}.Release|Any CPU.Build.0 = Release|Any CPU
	EndGlobalSection
EndGlobal
