
Microsoft Visual Studio Solution File, Format Version 12.00
Project("{FAE04EC0-301F-11D3-BF4B-00C04F79EFBC}") = "AverageOfLevelsInBinaryTree", "AverageOfLevelsInBinaryTree\AverageOfLevelsInBinaryTree.csproj", "{79918E76-E3BC-4E1C-A9BA-946560036CBE}"
EndProject
Global
	GlobalSection(SolutionConfigurationPlatforms) = preSolution
		Debug|Any CPU = Debug|Any CPU
		Release|Any CPU = Release|Any CPU
	EndGlobalSection
	GlobalSection(ProjectConfigurationPlatforms) = postSolution
		{79918E76-E3BC-4E1C-A9BA-946560036CBE}.Debug|Any CPU.ActiveCfg = Debug|Any CPU
		{79918E76-E3BC-4E1C-A9BA-946560036CBE}.Debug|Any CPU.Build.0 = Debug|Any CPU
		{79918E76-E3BC-4E1C-A9BA-946560036CBE}.Release|Any CPU.ActiveCfg = Release|Any CPU
		{79918E76-E3BC-4E1C-A9BA-946560036CBE}.Release|Any CPU.Build.0 = Release|Any CPU
	EndGlobalSection
EndGlobal
