
Microsoft Visual Studio Solution File, Format Version 12.00
Project("{FAE04EC0-301F-11D3-BF4B-00C04F79EFBC}") = "EvaluateBooleanBinaryTree", "EvaluateBooleanBinaryTree\EvaluateBooleanBinaryTree.csproj", "{345CB369-612B-4B55-84CB-13D25C7A689D}"
EndProject
Global
	GlobalSection(SolutionConfigurationPlatforms) = preSolution
		Debug|Any CPU = Debug|Any CPU
		Release|Any CPU = Release|Any CPU
	EndGlobalSection
	GlobalSection(ProjectConfigurationPlatforms) = postSolution
		{345CB369-612B-4B55-84CB-13D25C7A689D}.Debug|Any CPU.ActiveCfg = Debug|Any CPU
		{345CB369-612B-4B55-84CB-13D25C7A689D}.Debug|Any CPU.Build.0 = Debug|Any CPU
		{345CB369-612B-4B55-84CB-13D25C7A689D}.Release|Any CPU.ActiveCfg = Release|Any CPU
		{345CB369-612B-4B55-84CB-13D25C7A689D}.Release|Any CPU.Build.0 = Release|Any CPU
	EndGlobalSection
EndGlobal
