
Microsoft Visual Studio Solution File, Format Version 12.00
Project("{FAE04EC0-301F-11D3-BF4B-00C04F79EFBC}") = "IsSubsequence", "IsSubsequence\IsSubsequence.csproj", "{94C23EE9-AF33-49B2-A3A3-F35C36DC48F4}"
EndProject
Global
	GlobalSection(SolutionConfigurationPlatforms) = preSolution
		Debug|Any CPU = Debug|Any CPU
		Release|Any CPU = Release|Any CPU
	EndGlobalSection
	GlobalSection(ProjectConfigurationPlatforms) = postSolution
		{94C23EE9-AF33-49B2-A3A3-F35C36DC48F4}.Debug|Any CPU.ActiveCfg = Debug|Any CPU
		{94C23EE9-AF33-49B2-A3A3-F35C36DC48F4}.Debug|Any CPU.Build.0 = Debug|Any CPU
		{94C23EE9-AF33-49B2-A3A3-F35C36DC48F4}.Release|Any CPU.ActiveCfg = Release|Any CPU
		{94C23EE9-AF33-49B2-A3A3-F35C36DC48F4}.Release|Any CPU.Build.0 = Release|Any CPU
	EndGlobalSection
EndGlobal
