
Microsoft Visual Studio Solution File, Format Version 12.00
Project("{FAE04EC0-301F-11D3-BF4B-00C04F79EFBC}") = "MinimumAmountOfTimeToCollectGarbage", "MinimumAmountOfTimeToCollectGarbage\MinimumAmountOfTimeToCollectGarbage.csproj", "{72CC32B8-E6A8-463F-AC7C-2D867D3F0FCE}"
EndProject
Global
	GlobalSection(SolutionConfigurationPlatforms) = preSolution
		Debug|Any CPU = Debug|Any CPU
		Release|Any CPU = Release|Any CPU
	EndGlobalSection
	GlobalSection(ProjectConfigurationPlatforms) = postSolution
		{72CC32B8-E6A8-463F-AC7C-2D867D3F0FCE}.Debug|Any CPU.ActiveCfg = Debug|Any CPU
		{72CC32B8-E6A8-463F-AC7C-2D867D3F0FCE}.Debug|Any CPU.Build.0 = Debug|Any CPU
		{72CC32B8-E6A8-463F-AC7C-2D867D3F0FCE}.Release|Any CPU.ActiveCfg = Release|Any CPU
		{72CC32B8-E6A8-463F-AC7C-2D867D3F0FCE}.Release|Any CPU.Build.0 = Release|Any CPU
	EndGlobalSection
EndGlobal
