
Microsoft Visual Studio Solution File, Format Version 12.00
Project("{FAE04EC0-301F-11D3-BF4B-00C04F79EFBC}") = "SubdomainVisitCount", "SubdomainVisitCount.csproj", "{631B4909-9E9F-488F-BA16-47AE11A994D5}"
EndProject
Global
	GlobalSection(SolutionConfigurationPlatforms) = preSolution
		Debug|Any CPU = Debug|Any CPU
		Release|Any CPU = Release|Any CPU
	EndGlobalSection
	GlobalSection(ProjectConfigurationPlatforms) = postSolution
		{631B4909-9E9F-488F-BA16-47AE11A994D5}.Debug|Any CPU.ActiveCfg = Debug|Any CPU
		{631B4909-9E9F-488F-BA16-47AE11A994D5}.Debug|Any CPU.Build.0 = Debug|Any CPU
		{631B4909-9E9F-488F-BA16-47AE11A994D5}.Release|Any CPU.ActiveCfg = Release|Any CPU
		{631B4909-9E9F-488F-BA16-47AE11A994D5}.Release|Any CPU.Build.0 = Release|Any CPU
	EndGlobalSection
EndGlobal
