
Microsoft Visual Studio Solution File, Format Version 12.00
Project("{FAE04EC0-301F-11D3-BF4B-00C04F79EFBC}") = "LongestPalindromicSubstring", "LongestPalindromicSubstring\LongestPalindromicSubstring.csproj", "{9C9D17B5-1B51-4F8F-A78B-B1A4FBEB0854}"
EndProject
Global
	GlobalSection(SolutionConfigurationPlatforms) = preSolution
		Debug|Any CPU = Debug|Any CPU
		Release|Any CPU = Release|Any CPU
	EndGlobalSection
	GlobalSection(ProjectConfigurationPlatforms) = postSolution
		{9C9D17B5-1B51-4F8F-A78B-B1A4FBEB0854}.Debug|Any CPU.ActiveCfg = Debug|Any CPU
		{9C9D17B5-1B51-4F8F-A78B-B1A4FBEB0854}.Debug|Any CPU.Build.0 = Debug|Any CPU
		{9C9D17B5-1B51-4F8F-A78B-B1A4FBEB0854}.Release|Any CPU.ActiveCfg = Release|Any CPU
		{9C9D17B5-1B51-4F8F-A78B-B1A4FBEB0854}.Release|Any CPU.Build.0 = Release|Any CPU
	EndGlobalSection
EndGlobal
