
Microsoft Visual Studio Solution File, Format Version 12.00
Project("{FAE04EC0-301F-11D3-BF4B-00C04F79EFBC}") = "IncreasingOrderSearchTree", "IncreasingOrderSearchTree.csproj", "{C5FEE4EE-B5C9-4643-94A6-494A8252262F}"
EndProject
Global
	GlobalSection(SolutionConfigurationPlatforms) = preSolution
		Debug|Any CPU = Debug|Any CPU
		Release|Any CPU = Release|Any CPU
	EndGlobalSection
	GlobalSection(ProjectConfigurationPlatforms) = postSolution
		{C5FEE4EE-B5C9-4643-94A6-494A8252262F}.Debug|Any CPU.ActiveCfg = Debug|Any CPU
		{C5FEE4EE-B5C9-4643-94A6-494A8252262F}.Debug|Any CPU.Build.0 = Debug|Any CPU
		{C5FEE4EE-B5C9-4643-94A6-494A8252262F}.Release|Any CPU.ActiveCfg = Release|Any CPU
		{C5FEE4EE-B5C9-4643-94A6-494A8252262F}.Release|Any CPU.Build.0 = Release|Any CPU
	EndGlobalSection
EndGlobal
