
Microsoft Visual Studio Solution File, Format Version 12.00
Project("{FAE04EC0-301F-11D3-BF4B-00C04F79EFBC}") = "LeftAndRightSumDifferences", "LeftAndRightSumDifferences\LeftAndRightSumDifferences.csproj", "{1C087DE4-E727-40E5-AB18-C8BD2D06F382}"
EndProject
Global
	GlobalSection(SolutionConfigurationPlatforms) = preSolution
		Debug|Any CPU = Debug|Any CPU
		Release|Any CPU = Release|Any CPU
	EndGlobalSection
	GlobalSection(ProjectConfigurationPlatforms) = postSolution
		{1C087DE4-E727-40E5-AB18-C8BD2D06F382}.Debug|Any CPU.ActiveCfg = Debug|Any CPU
		{1C087DE4-E727-40E5-AB18-C8BD2D06F382}.Debug|Any CPU.Build.0 = Debug|Any CPU
		{1C087DE4-E727-40E5-AB18-C8BD2D06F382}.Release|Any CPU.ActiveCfg = Release|Any CPU
		{1C087DE4-E727-40E5-AB18-C8BD2D06F382}.Release|Any CPU.Build.0 = Release|Any CPU
	EndGlobalSection
EndGlobal
