
Microsoft Visual Studio Solution File, Format Version 12.00
Project("{FAE04EC0-301F-11D3-BF4B-00C04F79EFBC}") = "CircularSentence", "CircularSentence\CircularSentence.csproj", "{5ABF6FE5-B4A9-4EF9-A33D-412694F132DB}"
EndProject
Global
	GlobalSection(SolutionConfigurationPlatforms) = preSolution
		Debug|Any CPU = Debug|Any CPU
		Release|Any CPU = Release|Any CPU
	EndGlobalSection
	GlobalSection(ProjectConfigurationPlatforms) = postSolution
		{5ABF6FE5-B4A9-4EF9-A33D-412694F132DB}.Debug|Any CPU.ActiveCfg = Debug|Any CPU
		{5ABF6FE5-B4A9-4EF9-A33D-412694F132DB}.Debug|Any CPU.Build.0 = Debug|Any CPU
		{5ABF6FE5-B4A9-4EF9-A33D-412694F132DB}.Release|Any CPU.ActiveCfg = Release|Any CPU
		{5ABF6FE5-B4A9-4EF9-A33D-412694F132DB}.Release|Any CPU.Build.0 = Release|Any CPU
	EndGlobalSection
EndGlobal
