
Microsoft Visual Studio Solution File, Format Version 12.00
Project("{FAE04EC0-301F-11D3-BF4B-00C04F79EFBC}") = "ImplementMagicDictionary", "ImplementMagicDictionary.csproj", "{01288581-4707-4545-AE74-EE4D0AC41D56}"
EndProject
Global
	GlobalSection(SolutionConfigurationPlatforms) = preSolution
		Debug|Any CPU = Debug|Any CPU
		Release|Any CPU = Release|Any CPU
	EndGlobalSection
	GlobalSection(ProjectConfigurationPlatforms) = postSolution
		{01288581-4707-4545-AE74-EE4D0AC41D56}.Debug|Any CPU.ActiveCfg = Debug|Any CPU
		{01288581-4707-4545-AE74-EE4D0AC41D56}.Debug|Any CPU.Build.0 = Debug|Any CPU
		{01288581-4707-4545-AE74-EE4D0AC41D56}.Release|Any CPU.ActiveCfg = Release|Any CPU
		{01288581-4707-4545-AE74-EE4D0AC41D56}.Release|Any CPU.Build.0 = Release|Any CPU
	EndGlobalSection
EndGlobal
