
Microsoft Visual Studio Solution File, Format Version 12.00
Project("{FAE04EC0-301F-11D3-BF4B-00C04F79EFBC}") = "SynonymousSentences", "SynonymousSentences.csproj", "{5C0C5F12-8533-4F7D-B8B4-323952756BF1}"
EndProject
Global
	GlobalSection(SolutionConfigurationPlatforms) = preSolution
		Debug|Any CPU = Debug|Any CPU
		Release|Any CPU = Release|Any CPU
	EndGlobalSection
	GlobalSection(ProjectConfigurationPlatforms) = postSolution
		{5C0C5F12-8533-4F7D-B8B4-323952756BF1}.Debug|Any CPU.ActiveCfg = Debug|Any CPU
		{5C0C5F12-8533-4F7D-B8B4-323952756BF1}.Debug|Any CPU.Build.0 = Debug|Any CPU
		{5C0C5F12-8533-4F7D-B8B4-323952756BF1}.Release|Any CPU.ActiveCfg = Release|Any CPU
		{5C0C5F12-8533-4F7D-B8B4-323952756BF1}.Release|Any CPU.Build.0 = Release|Any CPU
	EndGlobalSection
EndGlobal
