
Microsoft Visual Studio Solution File, Format Version 12.00
Project("{FAE04EC0-301F-11D3-BF4B-00C04F79EFBC}") = "ReversePrefixOfWord", "ReversePrefixOfWord\ReversePrefixOfWord.csproj", "{96785A25-E6A7-48AC-8A6C-CAC0ABFF68A0}"
EndProject
Global
	GlobalSection(SolutionConfigurationPlatforms) = preSolution
		Debug|Any CPU = Debug|Any CPU
		Release|Any CPU = Release|Any CPU
	EndGlobalSection
	GlobalSection(ProjectConfigurationPlatforms) = postSolution
		{96785A25-E6A7-48AC-8A6C-CAC0ABFF68A0}.Debug|Any CPU.ActiveCfg = Debug|Any CPU
		{96785A25-E6A7-48AC-8A6C-CAC0ABFF68A0}.Debug|Any CPU.Build.0 = Debug|Any CPU
		{96785A25-E6A7-48AC-8A6C-CAC0ABFF68A0}.Release|Any CPU.ActiveCfg = Release|Any CPU
		{96785A25-E6A7-48AC-8A6C-CAC0ABFF68A0}.Release|Any CPU.Build.0 = Release|Any CPU
	EndGlobalSection
EndGlobal
