
Microsoft Visual Studio Solution File, Format Version 12.00
Project("{FAE04EC0-301F-11D3-BF4B-00C04F79EFBC}") = "ConvertBinaryNumberInLinkedListToInteger", "ConvertBinaryNumberInLinkedListToInteger\ConvertBinaryNumberInLinkedListToInteger.csproj", "{8BEDEC2D-610E-4083-885E-4CE4ADF703EE}"
EndProject
Global
	GlobalSection(SolutionConfigurationPlatforms) = preSolution
		Debug|Any CPU = Debug|Any CPU
		Release|Any CPU = Release|Any CPU
	EndGlobalSection
	GlobalSection(ProjectConfigurationPlatforms) = postSolution
		{8BEDEC2D-610E-4083-885E-4CE4ADF703EE}.Debug|Any CPU.ActiveCfg = Debug|Any CPU
		{8BEDEC2D-610E-4083-885E-4CE4ADF703EE}.Debug|Any CPU.Build.0 = Debug|Any CPU
		{8BEDEC2D-610E-4083-885E-4CE4ADF703EE}.Release|Any CPU.ActiveCfg = Release|Any CPU
		{8BEDEC2D-610E-4083-885E-4CE4ADF703EE}.Release|Any CPU.Build.0 = Release|Any CPU
	EndGlobalSection
EndGlobal
