
Microsoft Visual Studio Solution File, Format Version 12.00
Project("{FAE04EC0-301F-11D3-BF4B-00C04F79EFBC}") = "VerifyingAlienDictionary", "VerifyingAlienDictionary\VerifyingAlienDictionary.csproj", "{97309E5C-668C-4361-8E94-7EFA741CC92D}"
EndProject
Global
	GlobalSection(SolutionConfigurationPlatforms) = preSolution
		Debug|Any CPU = Debug|Any CPU
		Release|Any CPU = Release|Any CPU
	EndGlobalSection
	GlobalSection(ProjectConfigurationPlatforms) = postSolution
		{97309E5C-668C-4361-8E94-7EFA741CC92D}.Debug|Any CPU.ActiveCfg = Debug|Any CPU
		{97309E5C-668C-4361-8E94-7EFA741CC92D}.Debug|Any CPU.Build.0 = Debug|Any CPU
		{97309E5C-668C-4361-8E94-7EFA741CC92D}.Release|Any CPU.ActiveCfg = Release|Any CPU
		{97309E5C-668C-4361-8E94-7EFA741CC92D}.Release|Any CPU.Build.0 = Release|Any CPU
	EndGlobalSection
EndGlobal
