
Microsoft Visual Studio Solution File, Format Version 12.00
Project("{FAE04EC0-301F-11D3-BF4B-00C04F79EFBC}") = "SumOfBeautyOfAllSubstrings", "SumOfBeautyOfAllSubstrings.csproj", "{F13A0B10-3631-45E9-A85F-EB81BBB7F877}"
EndProject
Global
	GlobalSection(SolutionConfigurationPlatforms) = preSolution
		Debug|Any CPU = Debug|Any CPU
		Release|Any CPU = Release|Any CPU
	EndGlobalSection
	GlobalSection(ProjectConfigurationPlatforms) = postSolution
		{F13A0B10-3631-45E9-A85F-EB81BBB7F877}.Debug|Any CPU.ActiveCfg = Debug|Any CPU
		{F13A0B10-3631-45E9-A85F-EB81BBB7F877}.Debug|Any CPU.Build.0 = Debug|Any CPU
		{F13A0B10-3631-45E9-A85F-EB81BBB7F877}.Release|Any CPU.ActiveCfg = Release|Any CPU
		{F13A0B10-3631-45E9-A85F-EB81BBB7F877}.Release|Any CPU.Build.0 = Release|Any CPU
	EndGlobalSection
EndGlobal
