
Microsoft Visual Studio Solution File, Format Version 12.00
Project("{FAE04EC0-301F-11D3-BF4B-00C04F79EFBC}") = "LeastNumberOfUniqueIntegersAfterKRemovals", "LeastNumberOfUniqueIntegersAfterKRemovals.csproj", "{A3AC7804-74C8-465E-8B88-0552FC02BB86}"
EndProject
Global
	GlobalSection(SolutionConfigurationPlatforms) = preSolution
		Debug|Any CPU = Debug|Any CPU
		Release|Any CPU = Release|Any CPU
	EndGlobalSection
	GlobalSection(ProjectConfigurationPlatforms) = postSolution
		{A3AC7804-74C8-465E-8B88-0552FC02BB86}.Debug|Any CPU.ActiveCfg = Debug|Any CPU
		{A3AC7804-74C8-465E-8B88-0552FC02BB86}.Debug|Any CPU.Build.0 = Debug|Any CPU
		{A3AC7804-74C8-465E-8B88-0552FC02BB86}.Release|Any CPU.ActiveCfg = Release|Any CPU
		{A3AC7804-74C8-465E-8B88-0552FC02BB86}.Release|Any CPU.Build.0 = Release|Any CPU
	EndGlobalSection
EndGlobal
