
Microsoft Visual Studio Solution File, Format Version 12.00
Project("{FAE04EC0-301F-11D3-BF4B-00C04F79EFBC}") = "IsomorphicStrings", "IsomorphicStrings\IsomorphicStrings.csproj", "{03BB7752-0975-4E18-BA21-AD78D6970564}"
EndProject
Global
	GlobalSection(SolutionConfigurationPlatforms) = preSolution
		Debug|Any CPU = Debug|Any CPU
		Release|Any CPU = Release|Any CPU
	EndGlobalSection
	GlobalSection(ProjectConfigurationPlatforms) = postSolution
		{03BB7752-0975-4E18-BA21-AD78D6970564}.Debug|Any CPU.ActiveCfg = Debug|Any CPU
		{03BB7752-0975-4E18-BA21-AD78D6970564}.Debug|Any CPU.Build.0 = Debug|Any CPU
		{03BB7752-0975-4E18-BA21-AD78D6970564}.Release|Any CPU.ActiveCfg = Release|Any CPU
		{03BB7752-0975-4E18-BA21-AD78D6970564}.Release|Any CPU.Build.0 = Release|Any CPU
	EndGlobalSection
EndGlobal
