
Microsoft Visual Studio Solution File, Format Version 12.00
Project("{FAE04EC0-301F-11D3-BF4B-00C04F79EFBC}") = "FindArrayConcatenationValue", "FindArrayConcatenationValue\FindArrayConcatenationValue.csproj", "{A62EE0A6-5469-4F4D-A35C-28400CE9B492}"
EndProject
Global
	GlobalSection(SolutionConfigurationPlatforms) = preSolution
		Debug|Any CPU = Debug|Any CPU
		Release|Any CPU = Release|Any CPU
	EndGlobalSection
	GlobalSection(ProjectConfigurationPlatforms) = postSolution
		{A62EE0A6-5469-4F4D-A35C-28400CE9B492}.Debug|Any CPU.ActiveCfg = Debug|Any CPU
		{A62EE0A6-5469-4F4D-A35C-28400CE9B492}.Debug|Any CPU.Build.0 = Debug|Any CPU
		{A62EE0A6-5469-4F4D-A35C-28400CE9B492}.Release|Any CPU.ActiveCfg = Release|Any CPU
		{A62EE0A6-5469-4F4D-A35C-28400CE9B492}.Release|Any CPU.Build.0 = Release|Any CPU
	EndGlobalSection
EndGlobal
