
Microsoft Visual Studio Solution File, Format Version 12.00
Project("{FAE04EC0-301F-11D3-BF4B-00C04F79EFBC}") = "CountAsterisks", "CountAsterisks\CountAsterisks.csproj", "{F495604E-B37B-45B5-93B2-B62104F33D16}"
EndProject
Global
	GlobalSection(SolutionConfigurationPlatforms) = preSolution
		Debug|Any CPU = Debug|Any CPU
		Release|Any CPU = Release|Any CPU
	EndGlobalSection
	GlobalSection(ProjectConfigurationPlatforms) = postSolution
		{F495604E-B37B-45B5-93B2-B62104F33D16}.Debug|Any CPU.ActiveCfg = Debug|Any CPU
		{F495604E-B37B-45B5-93B2-B62104F33D16}.Debug|Any CPU.Build.0 = Debug|Any CPU
		{F495604E-B37B-45B5-93B2-B62104F33D16}.Release|Any CPU.ActiveCfg = Release|Any CPU
		{F495604E-B37B-45B5-93B2-B62104F33D16}.Release|Any CPU.Build.0 = Release|Any CPU
	EndGlobalSection
EndGlobal
