
Microsoft Visual Studio Solution File, Format Version 12.00
Project("{FAE04EC0-301F-11D3-BF4B-00C04F79EFBC}") = "DesignAddAndSearchWordsDataStructure", "DesignAddAndSearchWordsDataStructure.csproj", "{3C988E60-5B52-493D-A012-C6369651122A}"
EndProject
Global
	GlobalSection(SolutionConfigurationPlatforms) = preSolution
		Debug|Any CPU = Debug|Any CPU
		Release|Any CPU = Release|Any CPU
	EndGlobalSection
	GlobalSection(ProjectConfigurationPlatforms) = postSolution
		{3C988E60-5B52-493D-A012-C6369651122A}.Debug|Any CPU.ActiveCfg = Debug|Any CPU
		{3C988E60-5B52-493D-A012-C6369651122A}.Debug|Any CPU.Build.0 = Debug|Any CPU
		{3C988E60-5B52-493D-A012-C6369651122A}.Release|Any CPU.ActiveCfg = Release|Any CPU
		{3C988E60-5B52-493D-A012-C6369651122A}.Release|Any CPU.Build.0 = Release|Any CPU
	EndGlobalSection
EndGlobal
