
Microsoft Visual Studio Solution File, Format Version 12.00
Project("{FAE04EC0-301F-11D3-BF4B-00C04F79EFBC}") = "LargestSubstringBetweenTwoEqualCharacters", "LargestSubstringBetweenTwoEqualCharacters\LargestSubstringBetweenTwoEqualCharacters.csproj", "{443F013D-1AE6-4D2A-B2D0-F6364F1E6C27}"
EndProject
Global
	GlobalSection(SolutionConfigurationPlatforms) = preSolution
		Debug|Any CPU = Debug|Any CPU
		Release|Any CPU = Release|Any CPU
	EndGlobalSection
	GlobalSection(ProjectConfigurationPlatforms) = postSolution
		{443F013D-1AE6-4D2A-B2D0-F6364F1E6C27}.Debug|Any CPU.ActiveCfg = Debug|Any CPU
		{443F013D-1AE6-4D2A-B2D0-F6364F1E6C27}.Debug|Any CPU.Build.0 = Debug|Any CPU
		{443F013D-1AE6-4D2A-B2D0-F6364F1E6C27}.Release|Any CPU.ActiveCfg = Release|Any CPU
		{443F013D-1AE6-4D2A-B2D0-F6364F1E6C27}.Release|Any CPU.Build.0 = Release|Any CPU
	EndGlobalSection
EndGlobal
