
Microsoft Visual Studio Solution File, Format Version 12.00
Project("{FAE04EC0-301F-11D3-BF4B-00C04F79EFBC}") = "ValidPalindromeIV", "ValidPalindromeIV\ValidPalindromeIV.csproj", "{5A95E62B-3406-40E9-AF1C-5130AF858B28}"
EndProject
Global
	GlobalSection(SolutionConfigurationPlatforms) = preSolution
		Debug|Any CPU = Debug|Any CPU
		Release|Any CPU = Release|Any CPU
	EndGlobalSection
	GlobalSection(ProjectConfigurationPlatforms) = postSolution
		{5A95E62B-3406-40E9-AF1C-5130AF858B28}.Debug|Any CPU.ActiveCfg = Debug|Any CPU
		{5A95E62B-3406-40E9-AF1C-5130AF858B28}.Debug|Any CPU.Build.0 = Debug|Any CPU
		{5A95E62B-3406-40E9-AF1C-5130AF858B28}.Release|Any CPU.ActiveCfg = Release|Any CPU
		{5A95E62B-3406-40E9-AF1C-5130AF858B28}.Release|Any CPU.Build.0 = Release|Any CPU
	EndGlobalSection
EndGlobal
