
Microsoft Visual Studio Solution File, Format Version 12.00
Project("{FAE04EC0-301F-11D3-BF4B-00C04F79EFBC}") = "PartitionList", "PartitionList\PartitionList.csproj", "{30903AEC-C628-4F9C-9003-FDDE0A0E906B}"
EndProject
Global
	GlobalSection(SolutionConfigurationPlatforms) = preSolution
		Debug|Any CPU = Debug|Any CPU
		Release|Any CPU = Release|Any CPU
	EndGlobalSection
	GlobalSection(ProjectConfigurationPlatforms) = postSolution
		{30903AEC-C628-4F9C-9003-FDDE0A0E906B}.Debug|Any CPU.ActiveCfg = Debug|Any CPU
		{30903AEC-C628-4F9C-9003-FDDE0A0E906B}.Debug|Any CPU.Build.0 = Debug|Any CPU
		{30903AEC-C628-4F9C-9003-FDDE0A0E906B}.Release|Any CPU.ActiveCfg = Release|Any CPU
		{30903AEC-C628-4F9C-9003-FDDE0A0E906B}.Release|Any CPU.Build.0 = Release|Any CPU
	EndGlobalSection
EndGlobal
