
Microsoft Visual Studio Solution File, Format Version 12.00
Project("{FAE04EC0-301F-11D3-BF4B-00C04F79EFBC}") = "LongerContiguousSegmentsOfOnesThanZeros", "LongerContiguousSegmentsOfOnesThanZeros.csproj", "{88647D24-6375-4C78-9E52-1BD2AE1FF676}"
EndProject
Global
	GlobalSection(SolutionConfigurationPlatforms) = preSolution
		Debug|Any CPU = Debug|Any CPU
		Release|Any CPU = Release|Any CPU
	EndGlobalSection
	GlobalSection(ProjectConfigurationPlatforms) = postSolution
		{88647D24-6375-4C78-9E52-1BD2AE1FF676}.Debug|Any CPU.ActiveCfg = Debug|Any CPU
		{88647D24-6375-4C78-9E52-1BD2AE1FF676}.Debug|Any CPU.Build.0 = Debug|Any CPU
		{88647D24-6375-4C78-9E52-1BD2AE1FF676}.Release|Any CPU.ActiveCfg = Release|Any CPU
		{88647D24-6375-4C78-9E52-1BD2AE1FF676}.Release|Any CPU.Build.0 = Release|Any CPU
	EndGlobalSection
EndGlobal
