
Microsoft Visual Studio Solution File, Format Version 12.00
Project("{FAE04EC0-301F-11D3-BF4B-00C04F79EFBC}") = "WidestVerticalAreaBetweenTwoPointsContainingNoPoints", "WidestVerticalAreaBetweenTwoPointsContainingNoPoints.csproj", "{549281C4-51F9-42F0-8643-89BAFD84944F}"
EndProject
Global
	GlobalSection(SolutionConfigurationPlatforms) = preSolution
		Debug|Any CPU = Debug|Any CPU
		Release|Any CPU = Release|Any CPU
	EndGlobalSection
	GlobalSection(ProjectConfigurationPlatforms) = postSolution
		{549281C4-51F9-42F0-8643-89BAFD84944F}.Debug|Any CPU.ActiveCfg = Debug|Any CPU
		{549281C4-51F9-42F0-8643-89BAFD84944F}.Debug|Any CPU.Build.0 = Debug|Any CPU
		{549281C4-51F9-42F0-8643-89BAFD84944F}.Release|Any CPU.ActiveCfg = Release|Any CPU
		{549281C4-51F9-42F0-8643-89BAFD84944F}.Release|Any CPU.Build.0 = Release|Any CPU
	EndGlobalSection
EndGlobal
