
Microsoft Visual Studio Solution File, Format Version 12.00
Project("{FAE04EC0-301F-11D3-BF4B-00C04F79EFBC}") = "RomanToInteger", "RomanToInteger\RomanToInteger.csproj", "{97EF4C30-B5D8-427B-9BBB-2469024185CA}"
EndProject
Global
	GlobalSection(SolutionConfigurationPlatforms) = preSolution
		Debug|Any CPU = Debug|Any CPU
		Release|Any CPU = Release|Any CPU
	EndGlobalSection
	GlobalSection(ProjectConfigurationPlatforms) = postSolution
		{97EF4C30-B5D8-427B-9BBB-2469024185CA}.Debug|Any CPU.ActiveCfg = Debug|Any CPU
		{97EF4C30-B5D8-427B-9BBB-2469024185CA}.Debug|Any CPU.Build.0 = Debug|Any CPU
		{97EF4C30-B5D8-427B-9BBB-2469024185CA}.Release|Any CPU.ActiveCfg = Release|Any CPU
		{97EF4C30-B5D8-427B-9BBB-2469024185CA}.Release|Any CPU.Build.0 = Release|Any CPU
	EndGlobalSection
EndGlobal
